
Microsoft Visual Studio Solution File, Format Version 12.00
# Visual Studio Version 17
VisualStudioVersion = 17.5.33516.290
MinimumVisualStudioVersion = 10.0.40219.1
Project("{FAE04EC0-301F-11D3-BF4B-00C04F79EFBC}") = "ConsoleApp1", "ConsoleApp1\ConsoleApp1.csproj", "{CE663C08-543C-4139-905B-303F39D9D22F}"
EndProject
Global
	GlobalSection(SolutionConfigurationPlatforms) = preSolution
		Debug|Any CPU = Debug|Any CPU
		Release|Any CPU = Release|Any CPU
	EndGlobalSection
	GlobalSection(ProjectConfigurationPlatforms) = postSolution
		{CE663C08-543C-4139-905B-303F39D9D22F}.Debug|Any CPU.ActiveCfg = Debug|Any CPU
		{CE663C08-543C-4139-905B-303F39D9D22F}.Debug|Any CPU.Build.0 = Debug|Any CPU
		{CE663C08-543C-4139-905B-303F39D9D22F}.Release|Any CPU.ActiveCfg = Release|Any CPU
		{CE663C08-543C-4139-905B-303F39D9D22F}.Release|Any CPU.Build.0 = Release|Any CPU
	EndGlobalSection
	GlobalSection(SolutionProperties) = preSolution
		HideSolutionNode = FALSE
	EndGlobalSection
	GlobalSection(ExtensibilityGlobals) = postSolution
		SolutionGuid = {F6F19588-25F5-4AF5-9CA6-EC90D2BC22E3}
	EndGlobalSection
EndGlobal
